
Microsoft Visual Studio Solution File, Format Version 12.00
# Visual Studio Version 17
VisualStudioVersion = 17.5.002.0
MinimumVisualStudioVersion = 10.0.40219.1
Project("{9A19103F-16F7-4668-BE54-9A1E7A4F7556}") = "tugasmodul2", "tugasmodul2.csproj", "{EEE0C48B-1494-4FFE-8424-608AE6BA43F7}"
EndProject
Global
	GlobalSection(SolutionConfigurationPlatforms) = preSolution
		Debug|Any CPU = Debug|Any CPU
		Release|Any CPU = Release|Any CPU
	EndGlobalSection
	GlobalSection(ProjectConfigurationPlatforms) = postSolution
		{EEE0C48B-1494-4FFE-8424-608AE6BA43F7}.Debug|Any CPU.ActiveCfg = Debug|Any CPU
		{EEE0C48B-1494-4FFE-8424-608AE6BA43F7}.Debug|Any CPU.Build.0 = Debug|Any CPU
		{EEE0C48B-1494-4FFE-8424-608AE6BA43F7}.Release|Any CPU.ActiveCfg = Release|Any CPU
		{EEE0C48B-1494-4FFE-8424-608AE6BA43F7}.Release|Any CPU.Build.0 = Release|Any CPU
	EndGlobalSection
	GlobalSection(SolutionProperties) = preSolution
		HideSolutionNode = FALSE
	EndGlobalSection
	GlobalSection(ExtensibilityGlobals) = postSolution
		SolutionGuid = {B979DF56-2398-46F5-B0B9-17137BDA604A}
	EndGlobalSection
EndGlobal
